
Microsoft Visual Studio Solution File, Format Version 12.00
# Visual Studio Version 17
VisualStudioVersion = 17.7.34202.233
MinimumVisualStudioVersion = 10.0.40219.1
Project("{9A19103F-16F7-4668-BE54-9A1E7A4F7556}") = "CRUD_API", "CRUD_API\CRUD_API.csproj", "{CE4FB849-6577-48BD-A879-AEA0747DC11C}"
EndProject
Global
	GlobalSection(SolutionConfigurationPlatforms) = preSolution
		Debug|Any CPU = Debug|Any CPU
		Release|Any CPU = Release|Any CPU
	EndGlobalSection
	GlobalSection(ProjectConfigurationPlatforms) = postSolution
		{CE4FB849-6577-48BD-A879-AEA0747DC11C}.Debug|Any CPU.ActiveCfg = Debug|Any CPU
		{CE4FB849-6577-48BD-A879-AEA0747DC11C}.Debug|Any CPU.Build.0 = Debug|Any CPU
		{CE4FB849-6577-48BD-A879-AEA0747DC11C}.Release|Any CPU.ActiveCfg = Release|Any CPU
		{CE4FB849-6577-48BD-A879-AEA0747DC11C}.Release|Any CPU.Build.0 = Release|Any CPU
	EndGlobalSection
	GlobalSection(SolutionProperties) = preSolution
		HideSolutionNode = FALSE
	EndGlobalSection
	GlobalSection(ExtensibilityGlobals) = postSolution
		SolutionGuid = {9C628ABE-554F-4254-B63E-DB7197330915}
	EndGlobalSection
EndGlobal
